
Microsoft Visual Studio Solution File, Format Version 12.00
# Visual Studio 15
VisualStudioVersion = 15.0.34526.175
MinimumVisualStudioVersion = 10.0.40219.1
Project("{2150E333-8FDC-42A3-9474-1A3956D46DE8}") = "Application", "Application", "{DEA3E8AF-DCCD-4D55-BF18-BC6EF80D01F1}"
EndProject
Project("{2150E333-8FDC-42A3-9474-1A3956D46DE8}") = "Domain", "Domain", "{4E2381B2-323B-488F-828B-6EDB4D3A28D5}"
EndProject
Project("{2150E333-8FDC-42A3-9474-1A3956D46DE8}") = "Infra.IoC", "Infra.IoC", "{3BD603D8-CBF3-49F9-B3BF-B816FF934115}"
EndProject
Project("{2150E333-8FDC-42A3-9474-1A3956D46DE8}") = "Infra.Data", "Infra.Data", "{912645F6-3270-4C2C-9C32-65E5922A9D2C}"
EndProject
Project("{2150E333-8FDC-42A3-9474-1A3956D46DE8}") = "Presentation", "Presentation", "{0DDDE9CD-E670-4DAC-80D1-92689425727A}"
EndProject
Project("{9A19103F-16F7-4668-BE54-9A1E7A4F7556}") = "CleanArchiteture.Mvc", "CleanArchiteture.Mvc\CleanArchiteture.Mvc.csproj", "{90CFE931-0686-4684-B12E-8D65EF323847}"
EndProject
Project("{9A19103F-16F7-4668-BE54-9A1E7A4F7556}") = "CleanArchiteture.Domain", "CleanArchiteture.Domain\CleanArchiteture.Domain.csproj", "{2ED1B9AC-BCD6-4BA2-A44F-DF7D041B9BD7}"
	ProjectSection(ProjectDependencies) = postProject
		{FEC16FAB-5E57-4356-9BEA-C58D6BD9C1B4} = {FEC16FAB-5E57-4356-9BEA-C58D6BD9C1B4}
	EndProjectSection
EndProject
Project("{9A19103F-16F7-4668-BE54-9A1E7A4F7556}") = "CleanArchiteture.Infra.Data", "CleanArchiteture.Infra.Data\CleanArchiteture.Infra.Data.csproj", "{FEC16FAB-5E57-4356-9BEA-C58D6BD9C1B4}"
EndProject
Project("{FAE04EC0-301F-11D3-BF4B-00C04F79EFBC}") = "CleanArchiteture.Application", "CleanArchiteture.Application\CleanArchiteture.Application.csproj", "{464AC3FE-743C-453C-99E6-E76EB28C5C96}"
EndProject
Global
	GlobalSection(SolutionConfigurationPlatforms) = preSolution
		Debug|Any CPU = Debug|Any CPU
		Release|Any CPU = Release|Any CPU
	EndGlobalSection
	GlobalSection(ProjectConfigurationPlatforms) = postSolution
		{90CFE931-0686-4684-B12E-8D65EF323847}.Debug|Any CPU.ActiveCfg = Debug|Any CPU
		{90CFE931-0686-4684-B12E-8D65EF323847}.Debug|Any CPU.Build.0 = Debug|Any CPU
		{90CFE931-0686-4684-B12E-8D65EF323847}.Release|Any CPU.ActiveCfg = Release|Any CPU
		{90CFE931-0686-4684-B12E-8D65EF323847}.Release|Any CPU.Build.0 = Release|Any CPU
		{2ED1B9AC-BCD6-4BA2-A44F-DF7D041B9BD7}.Debug|Any CPU.ActiveCfg = Debug|Any CPU
		{2ED1B9AC-BCD6-4BA2-A44F-DF7D041B9BD7}.Debug|Any CPU.Build.0 = Debug|Any CPU
		{2ED1B9AC-BCD6-4BA2-A44F-DF7D041B9BD7}.Release|Any CPU.ActiveCfg = Release|Any CPU
		{2ED1B9AC-BCD6-4BA2-A44F-DF7D041B9BD7}.Release|Any CPU.Build.0 = Release|Any CPU
		{FEC16FAB-5E57-4356-9BEA-C58D6BD9C1B4}.Debug|Any CPU.ActiveCfg = Debug|Any CPU
		{FEC16FAB-5E57-4356-9BEA-C58D6BD9C1B4}.Debug|Any CPU.Build.0 = Debug|Any CPU
		{FEC16FAB-5E57-4356-9BEA-C58D6BD9C1B4}.Release|Any CPU.ActiveCfg = Release|Any CPU
		{FEC16FAB-5E57-4356-9BEA-C58D6BD9C1B4}.Release|Any CPU.Build.0 = Release|Any CPU
		{464AC3FE-743C-453C-99E6-E76EB28C5C96}.Debug|Any CPU.ActiveCfg = Debug|Any CPU
		{464AC3FE-743C-453C-99E6-E76EB28C5C96}.Debug|Any CPU.Build.0 = Debug|Any CPU
		{464AC3FE-743C-453C-99E6-E76EB28C5C96}.Release|Any CPU.ActiveCfg = Release|Any CPU
		{464AC3FE-743C-453C-99E6-E76EB28C5C96}.Release|Any CPU.Build.0 = Release|Any CPU
	EndGlobalSection
	GlobalSection(SolutionProperties) = preSolution
		HideSolutionNode = FALSE
	EndGlobalSection
	GlobalSection(NestedProjects) = preSolution
		{90CFE931-0686-4684-B12E-8D65EF323847} = {0DDDE9CD-E670-4DAC-80D1-92689425727A}
		{2ED1B9AC-BCD6-4BA2-A44F-DF7D041B9BD7} = {4E2381B2-323B-488F-828B-6EDB4D3A28D5}
		{FEC16FAB-5E57-4356-9BEA-C58D6BD9C1B4} = {912645F6-3270-4C2C-9C32-65E5922A9D2C}
		{464AC3FE-743C-453C-99E6-E76EB28C5C96} = {DEA3E8AF-DCCD-4D55-BF18-BC6EF80D01F1}
	EndGlobalSection
	GlobalSection(ExtensibilityGlobals) = postSolution
		SolutionGuid = {42412411-7CBA-453D-B99C-EB76C2C69426}
	EndGlobalSection
EndGlobal
